PODS:
  - AFNetworking (3.1.0):
    - AFNetworking/NSURLSession (= 3.1.0)
    - AFNetworking/Reachability (= 3.1.0)
    - AFNetworking/Security (= 3.1.0)
    - AFNetworking/Serialization (= 3.1.0)
    - AFNetworking/UIKit (= 3.1.0)
  - AFNetworking/NSURLSession (3.1.0):
    - AFNetworking/Reachability
    - AFNetworking/Security
    - AFNetworking/Serialization
  - AFNetworking/Reachability (3.1.0)
  - AFNetworking/Security (3.1.0)
  - AFNetworking/Serialization (3.1.0)
  - AFNetworking/UIKit (3.1.0):
    - AFNetworking/NSURLSession
  - AliyunOSSiOS (2.10.7)
  - Bugly (2.5.2)
  - FlyVerifyCSDK (1.0.7)
  - FMDB (2.7.5):
    - FMDB/standard (= 2.7.5)
  - FMDB/standard (2.7.5)
  - JCore (4.4.2-noidfa)
  - JPush (5.2.0):
    - JCore (>= 2.0.0)
  - JVerification (3.1.9):
    - JCore (>= 2.1.6)
  - M80AttributedLabel (1.7.0)
  - Masonry (1.0.2)
  - MBProgressHUD (0.9.2)
  - MJExtension (3.0.15.1)
  - MJRefresh (3.1.15.7)
  - mob_sharesdk (4.4.34):
    - mob_sharesdk/ShareSDK (= 4.4.34)
    - MOBFoundation (>= 3.2.9)
  - mob_sharesdk/ShareSDK (4.4.34):
    - MOBFoundation (>= 3.2.9)
  - mob_sharesdk/ShareSDKPlatforms/QQ (4.4.34):
    - mob_sharesdk/ShareSDK
    - MOBFoundation (>= 3.2.9)
  - mob_sharesdk/ShareSDKPlatforms/SinaWeibo (4.4.34):
    - mob_sharesdk/ShareSDK
    - MOBFoundation (>= 3.2.9)
  - mob_sharesdk/ShareSDKPlatforms/WeChat (4.4.34):
    - mob_sharesdk/ShareSDK
    - MOBFoundation (>= 3.2.9)
  - mob_sharesdk/ShareSDKUI (4.4.34):
    - mob_sharesdk/ShareSDK
    - MOBFoundation (>= 3.2.9)
  - MOBFoundation (20250528):
    - FlyVerifyCSDK (>= 0.0.7)
  - Protobuf (3.18.1)
  - ReactiveObjC (3.1.1)
  - SDWebImage (5.15.5):
    - SDWebImage/Core (= 5.15.5)
  - SDWebImage/Core (5.15.5)
  - SocketRocket (0.5.1)
  - SSZipArchive (2.4.2)
  - SVGAPlayer (2.5.7):
    - SVGAPlayer/Core (= 2.5.7)
    - SVGAPlayer/ProtoFiles (= 2.5.7)
  - SVGAPlayer/Core (2.5.7):
    - SSZipArchive (>= 1.8.1)
    - SVGAPlayer/ProtoFiles
  - SVGAPlayer/ProtoFiles (2.5.7):
    - Protobuf (~> 3.4)
  - SVProgressHUD (2.2.5)
  - Toast (4.0.0)
  - YYKit (1.0.9):
    - YYKit/no-arc (= 1.0.9)
  - YYKit/no-arc (1.0.9)

DEPENDENCIES:
  - AFNetworking (~> 3.1.0)
  - AliyunOSSiOS
  - Bugly
  - FMDB
  - JCore (= 4.4.2-noidfa)
  - JPush
  - JVerification
  - M80AttributedLabel
  - Masonry (~> 1.0.1)
  - MBProgressHUD (~> 0.9.1)
  - MJExtension (~> 3.0.13)
  - MJRefresh (~> 3.1.15.7)
  - mob_sharesdk
  - mob_sharesdk/ShareSDKPlatforms/QQ
  - mob_sharesdk/ShareSDKPlatforms/SinaWeibo
  - mob_sharesdk/ShareSDKPlatforms/WeChat
  - mob_sharesdk/ShareSDKUI
  - ReactiveObjC
  - SDWebImage (~> 5.15.5)
  - SocketRocket
  - SVGAPlayer
  - SVProgressHUD
  - Toast
  - YYKit

SPEC REPOS:
  trunk:
    - AFNetworking
    - AliyunOSSiOS
    - Bugly
    - FlyVerifyCSDK
    - FMDB
    - JCore
    - JPush
    - JVerification
    - M80AttributedLabel
    - Masonry
    - MBProgressHUD
    - MJExtension
    - MJRefresh
    - mob_sharesdk
    - MOBFoundation
    - Protobuf
    - ReactiveObjC
    - SDWebImage
    - SocketRocket
    - SSZipArchive
    - SVGAPlayer
    - SVProgressHUD
    - Toast
    - YYKit

SPEC CHECKSUMS:
  AFNetworking: 19827bce8c8d25b16bea185837cb66976c23f8fe
  AliyunOSSiOS: 602b6a4e70e62a5f0a6431c20496343141d7e66f
  Bugly: dbac48b55ad469a97cc4321045cd50df8f63d44f
  FlyVerifyCSDK: e0a13f11d4f29aca7fb7fdcff3f27e3b7ba2de5d
  FMDB: 2ce00b547f966261cd18927a3ddb07cb6f3db82a
  JCore: 100054a496ed6a881e189ada995baa026b6ed4a4
  JPush: 76668b765fcfd7c15f86b05ca0e5cdc01945ce23
  JVerification: b5221be06bf5431d99c3cfd197e5cc492f65794f
  M80AttributedLabel: 7dd017588f524b13149d4cf5c7b1eaf02b0f06a4
  Masonry: 7c429b56da9d4ee0bbb3ed77a5ea710d6a5df39e
  MBProgressHUD: 1569cf7ace17a8bac47aabfbb8580a49690386d1
  MJExtension: 19bc33ce2eee2d319760f5622562cf581a6ff756
  MJRefresh: 697f8ec75ebdbe9207767bb682cf0f51b0d8a41f
  mob_sharesdk: 7bb2a8c4456026e7c1a39a525e657505ad443010
  MOBFoundation: a1f193058aba95440dadeb799fb398ff92cfe45e
  Protobuf: 0ac2cdc92fb5c33dab66dd1c4e9f9cc4c34d00ba
  ReactiveObjC: 011caa393aa0383245f2dcf9bf02e86b80b36040
  SDWebImage: fd7e1a22f00303e058058278639bf6196ee431fe
  SocketRocket: d57c7159b83c3c6655745cd15302aa24b6bae531
  SSZipArchive: e7b4f3d9e780c2acc1764cd88fbf2de28f26e5b2
  SVGAPlayer: 318b85a78b61292d6ae9dfcd651f3f0d1cdadd86
  SVProgressHUD: 1428aafac632c1f86f62aa4243ec12008d7a51d6
  Toast: 91b396c56ee72a5790816f40d3a94dd357abc196
  YYKit: 7cda43304a8dc3696c449041e2cb3107b4e236e7

PODFILE CHECKSUM: babc7b4b3d878e3bca44166aad42240b320c07fc

COCOAPODS: 1.14.3
